// !$*UTF8*$!
{
	archiveVersion = 1;
	classes = {
	};
	objectVersion = 48;
	objects = {

/* Begin PBXBuildFile section */
		1315A6D31FB69188004F7E3D /* PinDetailsViewController.swift in Sources */ = {isa = PBXBuildFile; fileRef = 1315A6D21FB69188004F7E3D /* PinDetailsViewController.swift */; };
		133247C71FB6882B00DEDE43 /* EntryViewController.swift in Sources */ = {isa = PBXBuildFile; fileRef = 133247C61FB6882B00DEDE43 /* EntryViewController.swift */; };
		13C3A8DC1FB7C53F00E79F96 /* bus-stop-pointer.png in Resources */ = {isa = PBXBuildFile; fileRef = 13C3A8DB1FB7C53F00E79F96 /* bus-stop-pointer.png */; };
		13C3A8DE1FB7E30D00E79F96 /* Data.swift in Sources */ = {isa = PBXBuildFile; fileRef = 13C3A8DD1FB7E30D00E79F96 /* Data.swift */; };
		13C3A8E01FB818EC00E79F96 /* PinDelegate.swift in Sources */ = {isa = PBXBuildFile; fileRef = 13C3A8DF1FB818EC00E79F96 /* PinDelegate.swift */; };
		13C3B8331FB5400400BBA4A0 /* AppDelegate.swift in Sources */ = {isa = PBXBuildFile; fileRef = 13C3B8321FB5400400BBA4A0 /* AppDelegate.swift */; };
		13C3B8351FB5400400BBA4A0 /* MapViewController.swift in Sources */ = {isa = PBXBuildFile; fileRef = 13C3B8341FB5400400BBA4A0 /* MapViewController.swift */; };
		13C3B8381FB5400400BBA4A0 /* Main.storyboard in Resources */ = {isa = PBXBuildFile; fileRef = 13C3B8361FB5400400BBA4A0 /* Main.storyboard */; };
		13C3B83B1FB5400400BBA4A0 /* Bus.xcdatamodeld in Sources */ = {isa = PBXBuildFile; fileRef = 13C3B8391FB5400400BBA4A0 /* Bus.xcdatamodeld */; };
		13C3B83D1FB5400400BBA4A0 /* Assets.xcassets in Resources */ = {isa = PBXBuildFile; fileRef = 13C3B83C1FB5400400BBA4A0 /* Assets.xcassets */; };
		13C3B8401FB5400400BBA4A0 /* LaunchScreen.storyboard in Resources */ = {isa = PBXBuildFile; fileRef = 13C3B83E1FB5400400BBA4A0 /* LaunchScreen.storyboard */; };
		13C3B84B1FB5400400BBA4A0 /* BusTests.swift in Sources */ = {isa = PBXBuildFile; fileRef = 13C3B84A1FB5400400BBA4A0 /* BusTests.swift */; };
		13C3B8561FB5400400BBA4A0 /* BusUITests.swift in Sources */ = {isa = PBXBuildFile; fileRef = 13C3B8551FB5400400BBA4A0 /* BusUITests.swift */; };
		13C3B8641FB5449900BBA4A0 /* Podfile in Resources */ = {isa = PBXBuildFile; fileRef = 13C3B8631FB5449900BBA4A0 /* Podfile */; };
		13C3B8661FB6356600BBA4A0 /* sign_stop.png in Resources */ = {isa = PBXBuildFile; fileRef = 13C3B8651FB6356500BBA4A0 /* sign_stop.png */; };
		5A50693B98C3675BAFBA9047 /* Pods_Bus.framework in Frameworks */ = {isa = PBXBuildFile; fileRef = 67620757C32B05F1C8346123 /* Pods_Bus.framework */; };
/* End PBXBuildFile section */

/* Begin PBXContainerItemProxy section */
		13C3B8471FB5400400BBA4A0 /* PBXContainerItemProxy */ = {
			isa = PBXContainerItemProxy;
			containerPortal = 13C3B8271FB5400400BBA4A0 /* Project object */;
			proxyType = 1;
			remoteGlobalIDString = 13C3B82E1FB5400400BBA4A0;
			remoteInfo = Bus;
		};
		13C3B8521FB5400400BBA4A0 /* PBXContainerItemProxy */ = {
			isa = PBXContainerItemProxy;
			containerPortal = 13C3B8271FB5400400BBA4A0 /* Project object */;
			proxyType = 1;
			remoteGlobalIDString = 13C3B82E1FB5400400BBA4A0;
			remoteInfo = Bus;
		};
/* End PBXContainerItemProxy section */

/* Begin PBXFileReference section */
		1315A6D21FB69188004F7E3D /* PinDetailsViewController.swift */ = {isa = PBXFileReference; lastKnownFileType = sourcecode.swift; path = PinDetailsViewController.swift; sourceTree = "<group>"; };
		133247C61FB6882B00DEDE43 /* EntryViewController.swift */ = {isa = PBXFileReference; lastKnownFileType = sourcecode.swift; path = EntryViewController.swift; sourceTree = "<group>"; };
		13C3A8DB1FB7C53F00E79F96 /* bus-stop-pointer.png */ = {isa = PBXFileReference; lastKnownFileType = image.png; path = "bus-stop-pointer.png"; sourceTree = "<group>"; };
		13C3A8DD1FB7E30D00E79F96 /* Data.swift */ = {isa = PBXFileReference; lastKnownFileType = sourcecode.swift; path = Data.swift; sourceTree = "<group>"; };
		13C3A8DF1FB818EC00E79F96 /* PinDelegate.swift */ = {isa = PBXFileReference; lastKnownFileType = sourcecode.swift; path = PinDelegate.swift; sourceTree = "<group>"; };
		13C3B82F1FB5400400BBA4A0 /* Bus.app */ = {isa = PBXFileReference; explicitFileType = wrapper.application; includeInIndex = 0; path = Bus.app; sourceTree = BUILT_PRODUCTS_DIR; };
		13C3B8321FB5400400BBA4A0 /* AppDelegate.swift */ = {isa = PBXFileReference; lastKnownFileType = sourcecode.swift; path = AppDelegate.swift; sourceTree = "<group>"; };
		13C3B8341FB5400400BBA4A0 /* MapViewController.swift */ = {isa = PBXFileReference; lastKnownFileType = sourcecode.swift; path = MapViewController.swift; sourceTree = "<group>"; };
		13C3B8371FB5400400BBA4A0 /* Base */ = {isa = PBXFileReference; lastKnownFileType = file.storyboard; name = Base; path = Base.lproj/Main.storyboard; sourceTree = "<group>"; };
		13C3B83A1FB5400400BBA4A0 /* Bus.xcdatamodel */ = {isa = PBXFileReference; lastKnownFileType = wrapper.xcdatamodel; path = Bus.xcdatamodel; sourceTree = "<group>"; };
		13C3B83C1FB5400400BBA4A0 /* Assets.xcassets */ = {isa = PBXFileReference; lastKnownFileType = folder.assetcatalog; path = Assets.xcassets; sourceTree = "<group>"; };
		13C3B83F1FB5400400BBA4A0 /* Base */ = {isa = PBXFileReference; lastKnownFileType = file.storyboard; name = Base; path = Base.lproj/LaunchScreen.storyboard; sourceTree = "<group>"; };
		13C3B8411FB5400400BBA4A0 /* Info.plist */ = {isa = PBXFileReference; lastKnownFileType = text.plist.xml; path = Info.plist; sourceTree = "<group>"; };
		13C3B8461FB5400400BBA4A0 /* BusTests.xctest */ = {isa = PBXFileReference; explicitFileType = wrapper.cfbundle; includeInIndex = 0; path = BusTests.xctest; sourceTree = BUILT_PRODUCTS_DIR; };
		13C3B84A1FB5400400BBA4A0 /* BusTests.swift */ = {isa = PBXFileReference; lastKnownFileType = sourcecode.swift; path = BusTests.swift; sourceTree = "<group>"; };
		13C3B84C1FB5400400BBA4A0 /* Info.plist */ = {isa = PBXFileReference; lastKnownFileType = text.plist.xml; path = Info.plist; sourceTree = "<group>"; };
		13C3B8511FB5400400BBA4A0 /* BusUITests.xctest */ = {isa = PBXFileReference; explicitFileType = wrapper.cfbundle; includeInIndex = 0; path = BusUITests.xctest; sourceTree = BUILT_PRODUCTS_DIR; };
		13C3B8551FB5400400BBA4A0 /* BusUITests.swift */ = {isa = PBXFileReference; lastKnownFileType = sourcecode.swift; path = BusUITests.swift; sourceTree = "<group>"; };
		13C3B8571FB5400400BBA4A0 /* Info.plist */ = {isa = PBXFileReference; lastKnownFileType = text.plist.xml; path = Info.plist; sourceTree = "<group>"; };
		13C3B8631FB5449900BBA4A0 /* Podfile */ = {isa = PBXFileReference; lastKnownFileType = text; path = Podfile; sourceTree = "<group>"; xcLanguageSpecificationIdentifier = xcode.lang.ruby; };
		13C3B8651FB6356500BBA4A0 /* sign_stop.png */ = {isa = PBXFileReference; lastKnownFileType = image.png; path = sign_stop.png; sourceTree = "<group>"; };
		67620757C32B05F1C8346123 /* Pods_Bus.framework */ = {isa = PBXFileReference; explicitFileType = wrapper.framework; includeInIndex = 0; path = Pods_Bus.framework; sourceTree = BUILT_PRODUCTS_DIR; };
		7C581DFDACAAECBDD3B26675 /* Pods-Bus.debug.xcconfig */ = {isa = PBXFileReference; includeInIndex = 1; lastKnownFileType = text.xcconfig; name = "Pods-Bus.debug.xcconfig"; path = "Pods/Target Support Files/Pods-Bus/Pods-Bus.debug.xcconfig"; sourceTree = "<group>"; };
		A0C5CF8C4ED620C45D038E6E /* Pods-Bus.release.xcconfig */ = {isa = PBXFileReference; includeInIndex = 1; lastKnownFileType = text.xcconfig; name = "Pods-Bus.release.xcconfig"; path = "Pods/Target Support Files/Pods-Bus/Pods-Bus.release.xcconfig"; sourceTree = "<group>"; };
/* End PBXFileReference section */

/* Begin PBXFrameworksBuildPhase section */
		13C3B82C1FB5400400BBA4A0 /* Frameworks */ = {
			isa = PBXFrameworksBuildPhase;
			buildActionMask = 2147483647;
			files = (
				5A50693B98C3675BAFBA9047 /* Pods_Bus.framework in Frameworks */,
			);
			runOnlyForDeploymentPostprocessing = 0;
		};
		13C3B8431FB5400400BBA4A0 /* Frameworks */ = {
			isa = PBXFrameworksBuildPhase;
			buildActionMask = 2147483647;
			files = (
			);
			runOnlyForDeploymentPostprocessing = 0;
		};
		13C3B84E1FB5400400BBA4A0 /* Frameworks */ = {
			isa = PBXFrameworksBuildPhase;
			buildActionMask = 2147483647;
			files = (
			);
			runOnlyForDeploymentPostprocessing = 0;
		};
/* End PBXFrameworksBuildPhase section */

/* Begin PBXGroup section */
		087D7EEA9C04E100142F98AF /* Frameworks */ = {
			isa = PBXGroup;
			children = (
				67620757C32B05F1C8346123 /* Pods_Bus.framework */,
			);
			name = Frameworks;
			sourceTree = "<group>";
		};
		13C3B8261FB5400400BBA4A0 = {
			isa = PBXGroup;
			children = (
				13C3B8631FB5449900BBA4A0 /* Podfile */,
				13C3B8311FB5400400BBA4A0 /* Bus */,
				13C3B8491FB5400400BBA4A0 /* BusTests */,
				13C3B8541FB5400400BBA4A0 /* BusUITests */,
				13C3B8301FB5400400BBA4A0 /* Products */,
				9F2BC1B80D7EB06BA2B10E54 /* Pods */,
				087D7EEA9C04E100142F98AF /* Frameworks */,
			);
			sourceTree = "<group>";
		};
		13C3B8301FB5400400BBA4A0 /* Products */ = {
			isa = PBXGroup;
			children = (
				13C3B82F1FB5400400BBA4A0 /* Bus.app */,
				13C3B8461FB5400400BBA4A0 /* BusTests.xctest */,
				13C3B8511FB5400400BBA4A0 /* BusUITests.xctest */,
			);
			name = Products;
			sourceTree = "<group>";
		};
		13C3B8311FB5400400BBA4A0 /* Bus */ = {
			isa = PBXGroup;
			children = (
				13C3B8321FB5400400BBA4A0 /* AppDelegate.swift */,
				13C3B8341FB5400400BBA4A0 /* MapViewController.swift */,
				13C3A8DF1FB818EC00E79F96 /* PinDelegate.swift */,
				13C3A8DD1FB7E30D00E79F96 /* Data.swift */,
				13C3B8361FB5400400BBA4A0 /* Main.storyboard */,
				1315A6D21FB69188004F7E3D /* PinDetailsViewController.swift */,
				133247C61FB6882B00DEDE43 /* EntryViewController.swift */,
				13C3A8DB1FB7C53F00E79F96 /* bus-stop-pointer.png */,
				13C3B83C1FB5400400BBA4A0 /* Assets.xcassets */,
				13C3B8651FB6356500BBA4A0 /* sign_stop.png */,
				13C3B83E1FB5400400BBA4A0 /* LaunchScreen.storyboard */,
				13C3B8411FB5400400BBA4A0 /* Info.plist */,
				13C3B8391FB5400400BBA4A0 /* Bus.xcdatamodeld */,
			);
			path = Bus;
			sourceTree = "<group>";
		};
		13C3B8491FB5400400BBA4A0 /* BusTests */ = {
			isa = PBXGroup;
			children = (
				13C3B84A1FB5400400BBA4A0 /* BusTests.swift */,
				13C3B84C1FB5400400BBA4A0 /* Info.plist */,
			);
			path = BusTests;
			sourceTree = "<group>";
		};
		13C3B8541FB5400400BBA4A0 /* BusUITests */ = {
			isa = PBXGroup;
			children = (
				13C3B8551FB5400400BBA4A0 /* BusUITests.swift */,
				13C3B8571FB5400400BBA4A0 /* Info.plist */,
			);
			path = BusUITests;
			sourceTree = "<group>";
		};
		9F2BC1B80D7EB06BA2B10E54 /* Pods */ = {
			isa = PBXGroup;
			children = (
				7C581DFDACAAECBDD3B26675 /* Pods-Bus.debug.xcconfig */,
				A0C5CF8C4ED620C45D038E6E /* Pods-Bus.release.xcconfig */,
			);
			name = Pods;
			sourceTree = "<group>";
		};
/* End PBXGroup section */

/* Begin PBXNativeTarget section */
		13C3B82E1FB5400400BBA4A0 /* Bus */ = {
			isa = PBXNativeTarget;
			buildConfigurationList = 13C3B85A1FB5400400BBA4A0 /* Build configuration list for PBXNativeTarget "Bus" */;
			buildPhases = (
				D22B5A222B1AFE6876FD4570 /* [CP] Check Pods Manifest.lock */,
				13C3B82B1FB5400400BBA4A0 /* Sources */,
				13C3B82C1FB5400400BBA4A0 /* Frameworks */,
				13C3B82D1FB5400400BBA4A0 /* Resources */,
				A3A006CB79D1790EF7911A7D /* [CP] Embed Pods Frameworks */,
				70FB2D69ADF637DA609673E4 /* [CP] Copy Pods Resources */,
			);
			buildRules = (
			);
			dependencies = (
			);
			name = Bus;
			productName = Bus;
			productReference = 13C3B82F1FB5400400BBA4A0 /* Bus.app */;
			productType = "com.apple.product-type.application";
		};
		13C3B8451FB5400400BBA4A0 /* BusTests */ = {
			isa = PBXNativeTarget;
			buildConfigurationList = 13C3B85D1FB5400400BBA4A0 /* Build configuration list for PBXNativeTarget "BusTests" */;
			buildPhases = (
				13C3B8421FB5400400BBA4A0 /* Sources */,
				13C3B8431FB5400400BBA4A0 /* Frameworks */,
				13C3B8441FB5400400BBA4A0 /* Resources */,
			);
			buildRules = (
			);
			dependencies = (
				13C3B8481FB5400400BBA4A0 /* PBXTargetDependency */,
			);
			name = BusTests;
			productName = BusTests;
			productReference = 13C3B8461FB5400400BBA4A0 /* BusTests.xctest */;
			productType = "com.apple.product-type.bundle.unit-test";
		};
		13C3B8501FB5400400BBA4A0 /* BusUITests */ = {
			isa = PBXNativeTarget;
			buildConfigurationList = 13C3B8601FB5400400BBA4A0 /* Build configuration list for PBXNativeTarget "BusUITests" */;
			buildPhases = (
				13C3B84D1FB5400400BBA4A0 /* Sources */,
				13C3B84E1FB5400400BBA4A0 /* Frameworks */,
				13C3B84F1FB5400400BBA4A0 /* Resources */,
			);
			buildRules = (
			);
			dependencies = (
				13C3B8531FB5400400BBA4A0 /* PBXTargetDependency */,
			);
			name = BusUITests;
			productName = BusUITests;
			productReference = 13C3B8511FB5400400BBA4A0 /* BusUITests.xctest */;
			productType = "com.apple.product-type.bundle.ui-testing";
		};
/* End PBXNativeTarget section */

/* Begin PBXProject section */
		13C3B8271FB5400400BBA4A0 /* Project object */ = {
			isa = PBXProject;
			attributes = {
				LastSwiftUpdateCheck = 0910;
				LastUpgradeCheck = 0910;
				ORGANIZATIONNAME = "Sheetal Desai";
				TargetAttributes = {
					13C3B82E1FB5400400BBA4A0 = {
						CreatedOnToolsVersion = 9.1;
						ProvisioningStyle = Automatic;
					};
					13C3B8451FB5400400BBA4A0 = {
						CreatedOnToolsVersion = 9.1;
						ProvisioningStyle = Automatic;
						TestTargetID = 13C3B82E1FB5400400BBA4A0;
					};
					13C3B8501FB5400400BBA4A0 = {
						CreatedOnToolsVersion = 9.1;
						ProvisioningStyle = Automatic;
						TestTargetID = 13C3B82E1FB5400400BBA4A0;
					};
				};
			};
			buildConfigurationList = 13C3B82A1FB5400400BBA4A0 /* Build configuration list for PBXProject "Bus" */;
			compatibilityVersion = "Xcode 8.0";
			developmentRegion = en;
			hasScannedForEncodings = 0;
			knownRegions = (
				en,
				Base,
			);
			mainGroup = 13C3B8261FB5400400BBA4A0;
			productRefGroup = 13C3B8301FB5400400BBA4A0 /* Products */;
			projectDirPath = "";
			projectRoot = "";
			targets = (
				13C3B82E1FB5400400BBA4A0 /* Bus */,
				13C3B8451FB5400400BBA4A0 /* BusTests */,
				13C3B8501FB5400400BBA4A0 /* BusUITests */,
			);
		};
/* End PBXProject section */

/* Begin PBXResourcesBuildPhase section */
		13C3B82D1FB5400400BBA4A0 /* Resources */ = {
			isa = PBXResourcesBuildPhase;
			buildActionMask = 2147483647;
			files = (
				13C3A8DC1FB7C53F00E79F96 /* bus-stop-pointer.png in Resources */,
				13C3B8401FB5400400BBA4A0 /* LaunchScreen.storyboard in Resources */,
				13C3B83D1FB5400400BBA4A0 /* Assets.xcassets in Resources */,
				13C3B8641FB5449900BBA4A0 /* Podfile in Resources */,
				13C3B8661FB6356600BBA4A0 /* sign_stop.png in Resources */,
				13C3B8381FB5400400BBA4A0 /* Main.storyboard in Resources */,
			);
			runOnlyForDeploymentPostprocessing = 0;
		};
		13C3B8441FB5400400BBA4A0 /* Resources */ = {
			isa = PBXResourcesBuildPhase;
			buildActionMask = 2147483647;
			files = (
			);
			runOnlyForDeploymentPostprocessing = 0;
		};
		13C3B84F1FB5400400BBA4A0 /* Resources */ = {
			isa = PBXResourcesBuildPhase;
			buildActionMask = 2147483647;
			files = (
			);
			runOnlyForDeploymentPostprocessing = 0;
		};
/* End PBXResourcesBuildPhase section */

/* Begin PBXShellScriptBuildPhase section */
		70FB2D69ADF637DA609673E4 /* [CP] Copy Pods Resources */ = {
			isa = PBXShellScriptBuildPhase;
			buildActionMask = 2147483647;
			files = (
			);
			inputPaths = (
				"${SRCROOT}/Pods/Target Support Files/Pods-Bus/Pods-Bus-resources.sh",
				"${PODS_ROOT}/GoogleMaps/Maps/Frameworks/GoogleMaps.framework/Resources/GoogleMaps.bundle",
				"${PODS_ROOT}/GooglePlaces/Frameworks/GooglePlaces.framework/Resources/GooglePlaces.bundle",
			);
			name = "[CP] Copy Pods Resources";
			outputPaths = (
				"${TARGET_BUILD_DIR}/${UNLOCALIZED_RESOURCES_FOLDER_PATH}",
			);
			runOnlyForDeploymentPostprocessing = 0;
			shellPath = /bin/sh;
			shellScript = "\"${SRCROOT}/Pods/Target Support Files/Pods-Bus/Pods-Bus-resources.sh\"\n";
			showEnvVarsInLog = 0;
		};
		A3A006CB79D1790EF7911A7D /* [CP] Embed Pods Frameworks */ = {
			isa = PBXShellScriptBuildPhase;
			buildActionMask = 2147483647;
			files = (
			);
			inputPaths = (
				"${SRCROOT}/Pods/Target Support Files/Pods-Bus/Pods-Bus-frameworks.sh",
				"${BUILT_PRODUCTS_DIR}/Alamofire/Alamofire.framework",
				"${BUILT_PRODUCTS_DIR}/GooglePlacesSearchController/GooglePlacesSearchController.framework",
				"${BUILT_PRODUCTS_DIR}/SwiftyJSON/SwiftyJSON.framework",
			);
			name = "[CP] Embed Pods Frameworks";
			outputPaths = (
				"${TARGET_BUILD_DIR}/${FRAMEWORKS_FOLDER_PATH}/Alamofire.framework",
				"${TARGET_BUILD_DIR}/${FRAMEWORKS_FOLDER_PATH}/GooglePlacesSearchController.framework",
				"${TARGET_BUILD_DIR}/${FRAMEWORKS_FOLDER_PATH}/SwiftyJSON.framework",
			);
			runOnlyForDeploymentPostprocessing = 0;
			shellPath = /bin/sh;
			shellScript = "\"${SRCROOT}/Pods/Target Support Files/Pods-Bus/Pods-Bus-frameworks.sh\"\n";
			showEnvVarsInLog = 0;
		};
		D22B5A222B1AFE6876FD4570 /* [CP] Check Pods Manifest.lock */ = {
			isa = PBXShellScriptBuildPhase;
			buildActionMask = 2147483647;
			files = (
			);
			inputPaths = (
				"${PODS_PODFILE_DIR_PATH}/Podfile.lock",
				"${PODS_ROOT}/Manifest.lock",
			);
			name = "[CP] Check Pods Manifest.lock";
			outputPaths = (
				"$(DERIVED_FILE_DIR)/Pods-Bus-checkManifestLockResult.txt",
			);
			runOnlyForDeploymentPostprocessing = 0;
			shellPath = /bin/sh;
			shellScript = "diff \"${PODS_PODFILE_DIR_PATH}/Podfile.lock\" \"${PODS_ROOT}/Manifest.lock\" > /dev/null\nif [ $? != 0 ] ; then\n    # print error to STDERR\n    echo \"error: The sandbox is not in sync with the Podfile.lock. Run 'pod install' or update your CocoaPods installation.\" >&2\n    exit 1\nfi\n# This output is used by Xcode 'outputs' to avoid re-running this script phase.\necho \"SUCCESS\" > \"${SCRIPT_OUTPUT_FILE_0}\"\n";
			showEnvVarsInLog = 0;
		};
/* End PBXShellScriptBuildPhase section */

/* Begin PBXSourcesBuildPhase section */
		13C3B82B1FB5400400BBA4A0 /* Sources */ = {
			isa = PBXSourcesBuildPhase;
			buildActionMask = 2147483647;
			files = (
				13C3B83B1FB5400400BBA4A0 /* Bus.xcdatamodeld in Sources */,
				13C3A8DE1FB7E30D00E79F96 /* Data.swift in Sources */,
				133247C71FB6882B00DEDE43 /* EntryViewController.swift in Sources */,
				13C3B8351FB5400400BBA4A0 /* MapViewController.swift in Sources */,
				13C3B8331FB5400400BBA4A0 /* AppDelegate.swift in Sources */,
				1315A6D31FB69188004F7E3D /* PinDetailsViewController.swift in Sources */,
				13C3A8E01FB818EC00E79F96 /* PinDelegate.swift in Sources */,
			);
			runOnlyForDeploymentPostprocessing = 0;
		};
		13C3B8421FB5400400BBA4A0 /* Sources */ = {
			isa = PBXSourcesBuildPhase;
			buildActionMask = 2147483647;
			files = (
				13C3B84B1FB5400400BBA4A0 /* BusTests.swift in Sources */,
			);
			runOnlyForDeploymentPostprocessing = 0;
		};
		13C3B84D1FB5400400BBA4A0 /* Sources */ = {
			isa = PBXSourcesBuildPhase;
			buildActionMask = 2147483647;
			files = (
				13C3B8561FB5400400BBA4A0 /* BusUITests.swift in Sources */,
			);
			runOnlyForDeploymentPostprocessing = 0;
		};
/* End PBXSourcesBuildPhase section */

/* Begin PBXTargetDependency section */
		13C3B8481FB5400400BBA4A0 /* PBXTargetDependency */ = {
			isa = PBXTargetDependency;
			target = 13C3B82E1FB5400400BBA4A0 /* Bus */;
			targetProxy = 13C3B8471FB5400400BBA4A0 /* PBXContainerItemProxy */;
		};
		13C3B8531FB5400400BBA4A0 /* PBXTargetDependency */ = {
			isa = PBXTargetDependency;
			target = 13C3B82E1FB5400400BBA4A0 /* Bus */;
			targetProxy = 13C3B8521FB5400400BBA4A0 /* PBXContainerItemProxy */;
		};
/* End PBXTargetDependency section */

/* Begin PBXVariantGroup section */
		13C3B8361FB5400400BBA4A0 /* Main.storyboard */ = {
			isa = PBXVariantGroup;
			children = (
				13C3B8371FB5400400BBA4A0 /* Base */,
			);
			name = Main.storyboard;
			sourceTree = "<group>";
		};
		13C3B83E1FB5400400BBA4A0 /* LaunchScreen.storyboard */ = {
			isa = PBXVariantGroup;
			children = (
				13C3B83F1FB5400400BBA4A0 /* Base */,
			);
			name = LaunchScreen.storyboard;
			sourceTree = "<group>";
		};
/* End PBXVariantGroup section */

/* Begin XCBuildConfiguration section */
		13C3B8581FB5400400BBA4A0 /* Debug */ = {
			isa = XCBuildConfiguration;
			buildSettings = {
				ALWAYS_SEARCH_USER_PATHS = NO;
				CLANG_ANALYZER_NONNULL = YES;
				CLANG_ANALYZER_NUMBER_OBJECT_CONVERSION = YES_AGGRESSIVE;
				CLANG_CXX_LANGUAGE_STANDARD = "gnu++14";
				CLANG_CXX_LIBRARY = "libc++";
				CLANG_ENABLE_MODULES = YES;
				CLANG_ENABLE_OBJC_ARC = YES;
				CLANG_WARN_BLOCK_CAPTURE_AUTORELEASING = YES;
				CLANG_WARN_BOOL_CONVERSION = YES;
				CLANG_WARN_COMMA = YES;
				CLANG_WARN_CONSTANT_CONVERSION = YES;
				CLANG_WARN_DIRECT_OBJC_ISA_USAGE = YES_ERROR;
				CLANG_WARN_DOCUMENTATION_COMMENTS = YES;
				CLANG_WARN_EMPTY_BODY = YES;
				CLANG_WARN_ENUM_CONVERSION = YES;
				CLANG_WARN_INFINITE_RECURSION = YES;
				CLANG_WARN_INT_CONVERSION = YES;
				CLANG_WARN_NON_LITERAL_NULL_CONVERSION = YES;
				CLANG_WARN_OBJC_LITERAL_CONVERSION = YES;
				CLANG_WARN_OBJC_ROOT_CLASS = YES_ERROR;
				CLANG_WARN_RANGE_LOOP_ANALYSIS = YES;
				CLANG_WARN_STRICT_PROTOTYPES = YES;
				CLANG_WARN_SUSPICIOUS_MOVE = YES;
				CLANG_WARN_UNGUARDED_AVAILABILITY = YES_AGGRESSIVE;
				CLANG_WARN_UNREACHABLE_CODE = YES;
				CLANG_WARN__DUPLICATE_METHOD_MATCH = YES;
				CODE_SIGN_IDENTITY = "iPhone Developer";
				COPY_PHASE_STRIP = NO;
				DEBUG_INFORMATION_FORMAT = dwarf;
				ENABLE_STRICT_OBJC_MSGSEND = YES;
				ENABLE_TESTABILITY = YES;
				GCC_C_LANGUAGE_STANDARD = gnu11;
				GCC_DYNAMIC_NO_PIC = NO;
				GCC_NO_COMMON_BLOCKS = YES;
				GCC_OPTIMIZATION_LEVEL = 0;
				GCC_PREPROCESSOR_DEFINITIONS = (
					"DEBUG=1",
					"$(inherited)",
				);
				GCC_WARN_64_TO_32_BIT_CONVERSION = YES;
				GCC_WARN_ABOUT_RETURN_TYPE = YES_ERROR;
				GCC_WARN_UNDECLARED_SELECTOR = YES;
				GCC_WARN_UNINITIALIZED_AUTOS = YES_AGGRESSIVE;
				GCC_WARN_UNUSED_FUNCTION = YES;
				GCC_WARN_UNUSED_VARIABLE = YES;
				IPHONEOS_DEPLOYMENT_TARGET = 11.1;
				MTL_ENABLE_DEBUG_INFO = YES;
				ONLY_ACTIVE_ARCH = YES;
				SDKROOT = iphoneos;
				SWIFT_ACTIVE_COMPILATION_CONDITIONS = DEBUG;
				SWIFT_OPTIMIZATION_LEVEL = "-Onone";
			};
			name = Debug;
		};
		13C3B8591FB5400400BBA4A0 /* Release */ = {
			isa = XCBuildConfiguration;
			buildSettings = {
				ALWAYS_SEARCH_USER_PATHS = NO;
				CLANG_ANALYZER_NONNULL = YES;
				CLANG_ANALYZER_NUMBER_OBJECT_CONVERSION = YES_AGGRESSIVE;
				CLANG_CXX_LANGUAGE_STANDARD = "gnu++14";
				CLANG_CXX_LIBRARY = "libc++";
				CLANG_ENABLE_MODULES = YES;
				CLANG_ENABLE_OBJC_ARC = YES;
				CLANG_WARN_BLOCK_CAPTURE_AUTORELEASING = YES;
				CLANG_WARN_BOOL_CONVERSION = YES;
				CLANG_WARN_COMMA = YES;
				CLANG_WARN_CONSTANT_CONVERSION = YES;
				CLANG_WARN_DIRECT_OBJC_ISA_USAGE = YES_ERROR;
				CLANG_WARN_DOCUMENTATION_COMMENTS = YES;
				CLANG_WARN_EMPTY_BODY = YES;
				CLANG_WARN_ENUM_CONVERSION = YES;
				CLANG_WARN_INFINITE_RECURSION = YES;
				CLANG_WARN_INT_CONVERSION = YES;
				CLANG_WARN_NON_LITERAL_NULL_CONVERSION = YES;
				CLANG_WARN_OBJC_LITERAL_CONVERSION = YES;
				CLANG_WARN_OBJC_ROOT_CLASS = YES_ERROR;
				CLANG_WARN_RANGE_LOOP_ANALYSIS = YES;
				CLANG_WARN_STRICT_PROTOTYPES = YES;
				CLANG_WARN_SUSPICIOUS_MOVE = YES;
				CLANG_WARN_UNGUARDED_AVAILABILITY = YES_AGGRESSIVE;
				CLANG_WARN_UNREACHABLE_CODE = YES;
				CLANG_WARN__DUPLICATE_METHOD_MATCH = YES;
				CODE_SIGN_IDENTITY = "iPhone Developer";
				COPY_PHASE_STRIP = NO;
				DEBUG_INFORMATION_FORMAT = "dwarf-with-dsym";
				ENABLE_NS_ASSERTIONS = NO;
				ENABLE_STRICT_OBJC_MSGSEND = YES;
				GCC_C_LANGUAGE_STANDARD = gnu11;
				GCC_NO_COMMON_BLOCKS = YES;
				GCC_WARN_64_TO_32_BIT_CONVERSION = YES;
				GCC_WARN_ABOUT_RETURN_TYPE = YES_ERROR;
				GCC_WARN_UNDECLARED_SELECTOR = YES;
				GCC_WARN_UNINITIALIZED_AUTOS = YES_AGGRESSIVE;
				GCC_WARN_UNUSED_FUNCTION = YES;
				GCC_WARN_UNUSED_VARIABLE = YES;
				IPHONEOS_DEPLOYMENT_TARGET = 11.1;
				MTL_ENABLE_DEBUG_INFO = NO;
				SDKROOT = iphoneos;
				SWIFT_OPTIMIZATION_LEVEL = "-Owholemodule";
				VALIDATE_PRODUCT = YES;
			};
			name = Release;
		};
		13C3B85B1FB5400400BBA4A0 /* Debug */ = {
			isa = XCBuildConfiguration;
			baseConfigurationReference = 7C581DFDACAAECBDD3B26675 /* Pods-Bus.debug.xcconfig */;
			buildSettings = {
				ASSETCATALOG_COMPILER_APPICON_NAME = AppIcon;
				CODE_SIGN_STYLE = Automatic;
				DEVELOPMENT_TEAM = RE35XLAPV6;
				INFOPLIST_FILE = Bus/Info.plist;
				LD_RUNPATH_SEARCH_PATHS = "$(inherited) @executable_path/Frameworks";
				PRODUCT_BUNDLE_IDENTIFIER = dojo.Bus;
				PRODUCT_NAME = "$(TARGET_NAME)";
				SWIFT_VERSION = 4.0;
				TARGETED_DEVICE_FAMILY = "1,2";
			};
			name = Debug;
		};
		13C3B85C1FB5400400BBA4A0 /* Release */ = {
			isa = XCBuildConfiguration;
			baseConfigurationReference = A0C5CF8C4ED620C45D038E6E /* Pods-Bus.release.xcconfig */;
			buildSettings = {
				ASSETCATALOG_COMPILER_APPICON_NAME = AppIcon;
				CODE_SIGN_STYLE = Automatic;
				DEVELOPMENT_TEAM = RE35XLAPV6;
				INFOPLIST_FILE = Bus/Info.plist;
				LD_RUNPATH_SEARCH_PATHS = "$(inherited) @executable_path/Frameworks";
				PRODUCT_BUNDLE_IDENTIFIER = dojo.Bus;
				PRODUCT_NAME = "$(TARGET_NAME)";
				SWIFT_VERSION = 4.0;
				TARGETED_DEVICE_FAMILY = "1,2";
			};
			name = Release;
		};
		13C3B85E1FB5400400BBA4A0 /* Debug */ = {
			isa = XCBuildConfiguration;
			buildSettings = {
				ALWAYS_EMBED_SWIFT_STANDARD_LIBRARIES = YES;
				BUNDLE_LOADER = "$(TEST_HOST)";
				CODE_SIGN_STYLE = Automatic;
				DEVELOPMENT_TEAM = RE35XLAPV6;
				INFOPLIST_FILE = BusTests/Info.plist;
				LD_RUNPATH_SEARCH_PATHS = "$(inherited) @executable_path/Frameworks @loader_path/Frameworks";
				PRODUCT_BUNDLE_IDENTIFIER = dojo.BusTests;
				PRODUCT_NAME = "$(TARGET_NAME)";
				SWIFT_VERSION = 4.0;
				TARGETED_DEVICE_FAMILY = "1,2";
				TEST_HOST = "$(BUILT_PRODUCTS_DIR)/Bus.app/Bus";
			};
			name = Debug;
		};
		13C3B85F1FB5400400BBA4A0 /* Release */ = {
			isa = XCBuildConfiguration;
			buildSettings = {
				ALWAYS_EMBED_SWIFT_STANDARD_LIBRARIES = YES;
				BUNDLE_LOADER = "$(TEST_HOST)";
				CODE_SIGN_STYLE = Automatic;
				DEVELOPMENT_TEAM = RE35XLAPV6;
				INFOPLIST_FILE = BusTests/Info.plist;
				LD_RUNPATH_SEARCH_PATHS = "$(inherited) @executable_path/Frameworks @loader_path/Frameworks";
				PRODUCT_BUNDLE_IDENTIFIER = dojo.BusTests;
				PRODUCT_NAME = "$(TARGET_NAME)";
				SWIFT_VERSION = 4.0;
				TARGETED_DEVICE_FAMILY = "1,2";
				TEST_HOST = "$(BUILT_PRODUCTS_DIR)/Bus.app/Bus";
			};
			name = Release;
		};
		13C3B8611FB5400400BBA4A0 /* Debug */ = {
			isa = XCBuildConfiguration;
			buildSettings = {
				ALWAYS_EMBED_SWIFT_STANDARD_LIBRARIES = YES;
				CODE_SIGN_STYLE = Automatic;
				DEVELOPMENT_TEAM = RE35XLAPV6;
				INFOPLIST_FILE = BusUITests/Info.plist;
				LD_RUNPATH_SEARCH_PATHS = "$(inherited) @executable_path/Frameworks @loader_path/Frameworks";
				PRODUCT_BUNDLE_IDENTIFIER = dojo.BusUITests;
				PRODUCT_NAME = "$(TARGET_NAME)";
				SWIFT_VERSION = 4.0;
				TARGETED_DEVICE_FAMILY = "1,2";
				TEST_TARGET_NAME = Bus;
			};
			name = Debug;
		};
		13C3B8621FB5400400BBA4A0 /* Release */ = {
			isa = XCBuildConfiguration;
			buildSettings = {
				ALWAYS_EMBED_SWIFT_STANDARD_LIBRARIES = YES;
				CODE_SIGN_STYLE = Automatic;
				DEVELOPMENT_TEAM = RE35XLAPV6;
				INFOPLIST_FILE = BusUITests/Info.plist;
				LD_RUNPATH_SEARCH_PATHS = "$(inherited) @executable_path/Frameworks @loader_path/Frameworks";
				PRODUCT_BUNDLE_IDENTIFIER = dojo.BusUITests;
				PRODUCT_NAME = "$(TARGET_NAME)";
				SWIFT_VERSION = 4.0;
				TARGETED_DEVICE_FAMILY = "1,2";
				TEST_TARGET_NAME = Bus;
			};
			name = Release;
		};
/* End XCBuildConfiguration section */

/* Begin XCConfigurationList section */
		13C3B82A1FB5400400BBA4A0 /* Build configuration list for PBXProject "Bus" */ = {
			isa = XCConfigurationList;
			buildConfigurations = (
				13C3B8581FB5400400BBA4A0 /* Debug */,
				13C3B8591FB5400400BBA4A0 /* Release */,
			);
			defaultConfigurationIsVisible = 0;
			defaultConfigurationName = Release;
		};
		13C3B85A1FB5400400BBA4A0 /* Build configuration list for PBXNativeTarget "Bus" */ = {
			isa = XCConfigurationList;
			buildConfigurations = (
				13C3B85B1FB5400400BBA4A0 /* Debug */,
				13C3B85C1FB5400400BBA4A0 /* Release */,
			);
			defaultConfigurationIsVisible = 0;
			defaultConfigurationName = Release;
		};
		13C3B85D1FB5400400BBA4A0 /* Build configuration list for PBXNativeTarget "BusTests" */ = {
			isa = XCConfigurationList;
			buildConfigurations = (
				13C3B85E1FB5400400BBA4A0 /* Debug */,
				13C3B85F1FB5400400BBA4A0 /* Release */,
			);
			defaultConfigurationIsVisible = 0;
			defaultConfigurationName = Release;
		};
		13C3B8601FB5400400BBA4A0 /* Build configuration list for PBXNativeTarget "BusUITests" */ = {
			isa = XCConfigurationList;
			buildConfigurations = (
				13C3B8611FB5400400BBA4A0 /* Debug */,
				13C3B8621FB5400400BBA4A0 /* Release */,
			);
			defaultConfigurationIsVisible = 0;
			defaultConfigurationName = Release;
		};
/* End XCConfigurationList section */

/* Begin XCVersionGroup section */
		13C3B8391FB5400400BBA4A0 /* Bus.xcdatamodeld */ = {
			isa = XCVersionGroup;
			children = (
				13C3B83A1FB5400400BBA4A0 /* Bus.xcdatamodel */,
			);
			currentVersion = 13C3B83A1FB5400400BBA4A0 /* Bus.xcdatamodel */;
			path = Bus.xcdatamodeld;
			sourceTree = "<group>";
			versionGroupType = wrapper.xcdatamodel;
		};
/* End XCVersionGroup section */
	};
	rootObject = 13C3B8271FB5400400BBA4A0 /* Project object */;
}
